
Microsoft Visual Studio Solution File, Format Version 12.00
# Visual Studio Version 17
VisualStudioVersion = 17.5.33414.496
MinimumVisualStudioVersion = 10.0.40219.1
Project("{FAE04EC0-301F-11D3-BF4B-00C04F79EFBC}") = "tema2", "tema2.csproj", "{B4117931-C7DF-4785-ADE5-1AFC143E4123}"
EndProject
Global
	GlobalSection(SolutionConfigurationPlatforms) = preSolution
		Debug|Any CPU = Debug|Any CPU
		Release|Any CPU = Release|Any CPU
	EndGlobalSection
	GlobalSection(ProjectConfigurationPlatforms) = postSolution
		{B4117931-C7DF-4785-ADE5-1AFC143E4123}.Debug|Any CPU.ActiveCfg = Debug|Any CPU
		{B4117931-C7DF-4785-ADE5-1AFC143E4123}.Debug|Any CPU.Build.0 = Debug|Any CPU
		{B4117931-C7DF-4785-ADE5-1AFC143E4123}.Release|Any CPU.ActiveCfg = Release|Any CPU
		{B4117931-C7DF-4785-ADE5-1AFC143E4123}.Release|Any CPU.Build.0 = Release|Any CPU
	EndGlobalSection
	GlobalSection(SolutionProperties) = preSolution
		HideSolutionNode = FALSE
	EndGlobalSection
	GlobalSection(ExtensibilityGlobals) = postSolution
		SolutionGuid = {F99CDE63-E750-408A-81B5-6A4A989FE538}
	EndGlobalSection
EndGlobal
